[tool.yosys]
repo = "https://github.com/DeanoC/yosys.git"
commit = "1e7fbaee2fa3e1fc2f68199bebd413061a4628fb"
order = 10
rationale = "DeanoC mistral-stable including merged PR #1: Intel ALM infers initialized Cyclone V MLAB memories (lutram_mlab init 1 and MISTRAL_MLAB INIT). Base is YosysHQ 13b43f8c CMake pin; 1e7fbaee merges 04bdc4f9. Pair with nextpnr 9632c85 (merged PR #31)."

[tool.mistral]
repo = "https://github.com/DeanoC/mistral.git"
commit = "b28e30a36b5139aaed5a5d361a30b542e6b7c758"
order = 20
rationale = "DeanoC fork for nextpnr 9632c85 Cyclone V MUL9X9/MUL18X18/MUL27X27, PLL BELs, MLAB INIT, and corrected LAB/MLAB CLKx_INV/CLKx_SEL addresses: preserves DSP upper routing tiles on the bfa096c1 array-header baseline; fixed commit, not a moving branch."

[tool.nextpnr]
repo = "https://github.com/DeanoC/nextpnr.git"
commit = "9632c85b84069acc8bb507165a48c348c70499eb"
order = 30
rationale = "DeanoC mistral-stable including merged PR #31: Cyclone V MLAB numeric INIT on each MISTRAL_MLAB lane, plus merged PR #30 MUL9X9/MUL18X18/MUL27X27, DSP registers, M9 preadder, M18 C as {8,9,6,7}, omitted-control defaults, integer/dual/fractional altera_pll, and cyclonev_clkena packing for 5CSEBA6U23I7; 9632c85 merges bc089702 onto 39f194e (PRs #21-#31). Requires Mistral b28e30a and Yosys 1e7fbaee (merged PR #1) so initialized RTL maps to MLAB INIT."

[tool.verilator]
repo = "https://github.com/verilator/verilator.git"
commit = "5e4151e3e0c8ecf11d9845a93495f37a31b2f667"
order = 40
rationale = "Current lint and simulation baseline sampled 2026-08-26."

[tool.openfpgaloader]
repo = "https://github.com/trabucayre/openFPGALoader.git"
commit = "0c5ebaab1fa63c9d9c684abc0b8e68546ea8ea86"
order = 50
rationale = "Current DE10-Nano programmer baseline sampled 2026-08-26."
