[tool.yosys]
repo = "https://github.com/DeanoC/yosys.git"
commit = "e2d425dee148cc60c50f4e9b354a10d90eab15f4"
order = 10
rationale = "Registered ramstyle=M10K stays synchronous (merged PR #14 e2d425de: SYNC SDP/TDP libmap cells so Coleco 256x4 sprite line banks keep a live CLK2 without CFG_ASYNC_READ). On ec34fcf3. Feature commits a7671c03 and 42e99880. Pair with nextpnr 2ceec425 and unchanged Mistral b28e30a; this core-local lock is the Coleco HIP slot."

[tool.mistral]
repo = "https://github.com/DeanoC/mistral.git"
commit = "b28e30a36b5139aaed5a5d361a30b542e6b7c758"
order = 20
rationale = "DeanoC fork for the Coleco OSS lane: nextpnr ef29443 Cyclone V MUL9X9/MUL18X18/MUL27X27, PLL BELs, MLAB INIT, M10K dual-clock packing, 20-bit M10K byte enables, mixed-width M10K SDP, true dual-port M10K packing including byte masks and mixed-width TDP into existing tables, and corrected LAB/MLAB CLKx_INV/CLKx_SEL addresses; fixed commit."

[tool.nextpnr]
repo = "https://github.com/DeanoC/nextpnr.git"
commit = "2ceec42587c7261196c13c59b2e7daf4b87f1c5d"
order = 30
rationale = "GPU-router timing repair (merged PR #70 2ceec425 onto 2e02395): design WNS, unfreeze still-failing frozen arcs, same-band peer groups. Preserves narrow TDP from PR #67 2d3c216a. Pair with Yosys e2d425de and Mistral b28e30a. The GPU device backend is enabled separately for this core-local HIP build."

[tool.verilator]
repo = "https://github.com/verilator/verilator.git"
commit = "5e4151e3e0c8ecf11d9845a93495f37a31b2f667"
order = 40
rationale = "Current lint and simulation baseline sampled 2026-08-26."

[tool.openfpgaloader]
repo = "https://github.com/trabucayre/openFPGALoader.git"
commit = "0c5ebaab1fa63c9d9c684abc0b8e68546ea8ea86"
order = 50
rationale = "Current DE10-Nano programmer baseline sampled 2026-08-26."
