[tool.yosys]
repo = "https://github.com/DeanoC/yosys.git"
commit = "e2d425dee148cc60c50f4e9b354a10d90eab15f4"
order = 10
rationale = "Coleco registered M10K mapping from registered-memory.lock (merged PR #14 e2d425de), descended from the ZX81 socket Yosys pin ec34fcf3. Paired here with the fenced ZX81 nextpnr and Mistral pins for a development-only Coleco socket."

[tool.mistral]
repo = "https://github.com/DeanoC/mistral.git"
commit = "7ed06e21c18b047ec5c6d6a7e85e5ea2c8827039"
order = 20
rationale = "DeanoC fork master with the indexed-node routing API and the fixes nextpnr f65075bb needs on it (rnode_unlink, timing target-position mask, hashed pnode/rnode lookups: PRs #9, #10), carrying the 18db2489 CRAM footprints and af2ade0a block-mux CRAM bits. Fixed commit; pair with nextpnr f65075bb, which no longer builds against 18db2489. Previous pin: ZX81 socket Mistral pin with physical routing-mux CRAM footprints, descended from the Coleco registered-memory Mistral pin b28e30a. Required for a physical Coleco cart CRAM fence."

[tool.nextpnr]
repo = "https://github.com/DeanoC/nextpnr.git"
commit = "f65075bbc253b7c99e8b96169f4bc85320038329"
order = 30
rationale = "DeanoC nextpnr main f65075bb after mistral-stable was merged into it and retired: adds analogue-scored candidate selection and robust analogue repair rounds for the GPU router (PR #81), the exact-search repair check (PR #82) and the port to the indexed-node Mistral API (PR #83, fixes DeanoC/fes#229) on top of everything below. Pair with Mistral 7ed06e21 (required). Previous pin: Coleco expansion placement pin from FES PR #206 and nextpnr PR #78. FES_RESERVED_RECT creates the cart placement region, carry chains and LUT/FF pairs are packed for the slot, and infeasible placement reports a bounded diagnostic. This retains the production GPU-router and frozen-scaffold BEL fixes; development route evidence is not hardware acceptance."

[tool.verilator]
repo = "https://github.com/verilator/verilator.git"
commit = "5e4151e3e0c8ecf11d9845a93495f37a31b2f667"
order = 40
rationale = "Current lint and simulation baseline sampled 2026-08-26."

[tool.openfpgaloader]
repo = "https://github.com/trabucayre/openFPGALoader.git"
commit = "0c5ebaab1fa63c9d9c684abc0b8e68546ea8ea86"
order = 50
rationale = "Current DE10-Nano programmer baseline sampled 2026-08-26."
