[tool.yosys]
repo = "https://github.com/DeanoC/yosys.git"
commit = "e2d425dee148cc60c50f4e9b354a10d90eab15f4"
order = 10
rationale = "Coleco registered M10K mapping for the bus-v2 shell, native/raster video parts and SGM expansion. The synchronous memory mapping is required by the locked nextpnr producer."

[tool.mistral]
repo = "https://github.com/DeanoC/mistral.git"
commit = "7ed06e21c18b047ec5c6d6a7e85e5ea2c8827039"
order = 20
rationale = "Indexed-node routing API, hashed pnode/rnode lookup and physical routing-mux/block-mux CRAM footprints required by the Coleco cart fence and nextpnr 655f3833."

[tool.nextpnr]
repo = "https://github.com/DeanoC/nextpnr.git"
commit = "655f38334b8a1ba798cc05cf3744b6a897119b5d"
order = 30
rationale = "GPU routing selects every congested arc before rip-up (da1ee82b) and retains the initial-routing iteration budget through small congestion plateaus (53e1ad42). Frozen import reconnects every traced cart-clock alias and preserves restored scaffold LAB pin mappings. Explicit HeAP criticality exponents are honored. Pair with Mistral 7ed06e21; rebuild the shell and matching parts together. Complete routing, all clock gates and strict native CRAM containment remain required; a routed diagnostic is not hardware acceptance."

[tool.verilator]
repo = "https://github.com/verilator/verilator.git"
commit = "5e4151e3e0c8ecf11d9845a93495f37a31b2f667"
order = 40
rationale = "Current lint and simulation baseline sampled 2026-08-26."

[tool.openfpgaloader]
repo = "https://github.com/trabucayre/openFPGALoader.git"
commit = "0c5ebaab1fa63c9d9c684abc0b8e68546ea8ea86"
order = 50
rationale = "Current DE10-Nano programmer baseline sampled 2026-08-26."
