[tool.yosys]
repo = "https://github.com/DeanoC/yosys.git"
commit = "b27035fcc1be6ec040df35a3adbe6d4149297cd8"
order = 10
rationale = "DeanoC/yosys main b27035fc, which merged #16: the cyclonev_hps_interface_fpga2sdram blackbox declares every atom port (six command ports, four data ports, write acknowledges), so the RAM tester reaches the 128-bit port 0 and the 64-bit ports 1 and 2 of the fes.memory.hps-ddr layout. Pair with nextpnr f60b33aa."

[tool.mistral]
repo = "https://github.com/DeanoC/mistral.git"
commit = "7ed06e21c18b047ec5c6d6a7e85e5ea2c8827039"
order = 20
rationale = "DeanoC master with the indexed-node routing API, rnode_unlink, corrected timing target-position mask and hashed node lookups (PRs #9-10). Same pin as toolchain.lock; pair with nextpnr a93fe013."

[tool.nextpnr]
repo = "https://github.com/DeanoC/nextpnr.git"
commit = "f60b33aa977b237d0762fdef90de42987671b21d"
order = 30
rationale = "DeanoC/nextpnr main f60b33aa, which merged #88 (Quartus 17.0.2 fpga2sdram timing arcs, so the RAM tester's HPS port paths are in its timing gate) and #91 (the analogue repair ends when a restore cannot recover its slack; with --rbf the analogue signoff, not the GPU router's table-model check, is the timing gate). Pair with Yosys b27035fc and Mistral 7ed06e21."

[tool.verilator]
repo = "https://github.com/verilator/verilator.git"
commit = "5e4151e3e0c8ecf11d9845a93495f37a31b2f667"
order = 40
rationale = "Current lint and simulation baseline sampled 2026-08-26."

[tool.openfpgaloader]
repo = "https://github.com/trabucayre/openFPGALoader.git"
commit = "0c5ebaab1fa63c9d9c684abc0b8e68546ea8ea86"
order = 50
rationale = "Current DE10-Nano programmer baseline sampled 2026-08-26."
