[tool.yosys]
repo = "https://github.com/DeanoC/yosys.git"
commit = "886afa63953e97407153e9f4aae25fcedb639696"
order = 10
rationale = "Toolchain head investigation for menu routing and C64 placement; paired with nextpnr 655f3833."

[tool.mistral]
repo = "https://github.com/DeanoC/mistral.git"
commit = "7ed06e21c18b047ec5c6d6a7e85e5ea2c8827039"
order = 20
rationale = "DeanoC master with the indexed-node routing API, rnode_unlink, corrected timing target-position mask and hashed node lookups (PRs #9-10). Same pin as toolchain.lock; pair with nextpnr a93fe013."

[tool.nextpnr]
repo = "https://github.com/DeanoC/nextpnr.git"
commit = "655f38334b8a1ba798cc05cf3744b6a897119b5d"
order = 30
rationale = "Toolchain head investigation for menu routing and C64 placement; paired with Yosys 886afa63 and Mistral 7ed06e21."

[tool.verilator]
repo = "https://github.com/verilator/verilator.git"
commit = "5e4151e3e0c8ecf11d9845a93495f37a31b2f667"
order = 40
rationale = "Current lint and simulation baseline sampled 2026-08-26."

[tool.openfpgaloader]
repo = "https://github.com/trabucayre/openFPGALoader.git"
commit = "0c5ebaab1fa63c9d9c684abc0b8e68546ea8ea86"
order = 50
rationale = "Current DE10-Nano programmer baseline sampled 2026-08-26."
